// !$*UTF8*$!
{
	archiveVersion = 1;
	classes = {
	};
	objectVersion = 46;
	objects = {

/* Begin PBXBuildFile section */
		65AE49C41D4965540018E843 /* AppDelegate.swift in Sources */ = {isa = PBXBuildFile; fileRef = 65AE49C31D4965540018E843 /* AppDelegate.swift */; };
		65AE49C61D4965540018E843 /* GameScene.sks in Resources */ = {isa = PBXBuildFile; fileRef = 65AE49C51D4965540018E843 /* GameScene.sks */; };
		65AE49C81D4965540018E843 /* GameScene.swift in Sources */ = {isa = PBXBuildFile; fileRef = 65AE49C71D4965540018E843 /* GameScene.swift */; };
		65AE49CA1D4965540018E843 /* GameViewController.swift in Sources */ = {isa = PBXBuildFile; fileRef = 65AE49C91D4965540018E843 /* GameViewController.swift */; };
		65AE49CD1D4965540018E843 /* Main.storyboard in Resources */ = {isa = PBXBuildFile; fileRef = 65AE49CB1D4965540018E843 /* Main.storyboard */; };
		65AE49CF1D4965540018E843 /* Assets.xcassets in Resources */ = {isa = PBXBuildFile; fileRef = 65AE49CE1D4965540018E843 /* Assets.xcassets */; };
		65AE49D21D4965540018E843 /* LaunchScreen.storyboard in Resources */ = {isa = PBXBuildFile; fileRef = 65AE49D01D4965540018E843 /* LaunchScreen.storyboard */; };
/* End PBXBuildFile section */

/* Begin PBXFileReference section */
		65AE49C01D4965540018E843 /* Monokrome.app */ = {isa = PBXFileReference; explicitFileType = wrapper.application; includeInIndex = 0; path = Monokrome.app; sourceTree = BUILT_PRODUCTS_DIR; };
		65AE49C31D4965540018E843 /* AppDelegate.swift */ = {isa = PBXFileReference; lastKnownFileType = sourcecode.swift; path = AppDelegate.swift; sourceTree = "<group>"; };
		65AE49C51D4965540018E843 /* GameScene.sks */ = {isa = PBXFileReference; lastKnownFileType = file.sks; path = GameScene.sks; sourceTree = "<group>"; };
		65AE49C71D4965540018E843 /* GameScene.swift */ = {isa = PBXFileReference; lastKnownFileType = sourcecode.swift; path = GameScene.swift; sourceTree = "<group>"; };
		65AE49C91D4965540018E843 /* GameViewController.swift */ = {isa = PBXFileReference; lastKnownFileType = sourcecode.swift; path = GameViewController.swift; sourceTree = "<group>"; };
		65AE49CC1D4965540018E843 /* Base */ = {isa = PBXFileReference; lastKnownFileType = file.storyboard; name = Base; path = Base.lproj/Main.storyboard; sourceTree = "<group>"; };
		65AE49CE1D4965540018E843 /* Assets.xcassets */ = {isa = PBXFileReference; lastKnownFileType = folder.assetcatalog; path = Assets.xcassets; sourceTree = "<group>"; };
		65AE49D11D4965540018E843 /* Base */ = {isa = PBXFileReference; lastKnownFileType = file.storyboard; name = Base; path = Base.lproj/LaunchScreen.storyboard; sourceTree = "<group>"; };
		65AE49D31D4965540018E843 /* Info.plist */ = {isa = PBXFileReference; lastKnownFileType = text.plist.xml; path = Info.plist; sourceTree = "<group>"; };
/* End PBXFileReference section */

/* Begin PBXFrameworksBuildPhase section */
		65AE49BD1D4965540018E843 /* Frameworks */ = {
			isa = PBXFrameworksBuildPhase;
			buildActionMask = 2147483647;
			files = (
			);
			runOnlyForDeploymentPostprocessing = 0;
		};
/* End PBXFrameworksBuildPhase section */

/* Begin PBXGroup section */
		65AE49B71D4965540018E843 = {
			isa = PBXGroup;
			children = (
				65AE49C21D4965540018E843 /* Monokrome */,
				65AE49C11D4965540018E843 /* Products */,
			);
			sourceTree = "<group>";
		};
		65AE49C11D4965540018E843 /* Products */ = {
			isa = PBXGroup;
			children = (
				65AE49C01D4965540018E843 /* Monokrome.app */,
			);
			name = Products;
			sourceTree = "<group>";
		};
		65AE49C21D4965540018E843 /* Monokrome */ = {
			isa = PBXGroup;
			children = (
				65AE49C31D4965540018E843 /* AppDelegate.swift */,
				65AE49C51D4965540018E843 /* GameScene.sks */,
				65AE49C71D4965540018E843 /* GameScene.swift */,
				65AE49C91D4965540018E843 /* GameViewController.swift */,
				65AE49CB1D4965540018E843 /* Main.storyboard */,
				65AE49CE1D4965540018E843 /* Assets.xcassets */,
				65AE49D01D4965540018E843 /* LaunchScreen.storyboard */,
				65AE49D31D4965540018E843 /* Info.plist */,
			);
			path = Monokrome;
			sourceTree = "<group>";
		};
/* End PBXGroup section */

/* Begin PBXNativeTarget section */
		65AE49BF1D4965540018E843 /* Monokrome */ = {
			isa = PBXNativeTarget;
			buildConfigurationList = 65AE49D61D4965540018E843 /* Build configuration list for PBXNativeTarget "Monokrome" */;
			buildPhases = (
				65AE49BC1D4965540018E843 /* Sources */,
				65AE49BD1D4965540018E843 /* Frameworks */,
				65AE49BE1D4965540018E843 /* Resources */,
			);
			buildRules = (
			);
			dependencies = (
			);
			name = Monokrome;
			productName = Monokrome;
			productReference = 65AE49C01D4965540018E843 /* Monokrome.app */;
			productType = "com.apple.product-type.application";
		};
/* End PBXNativeTarget section */

/* Begin PBXProject section */
		65AE49B81D4965540018E843 /* Project object */ = {
			isa = PBXProject;
			attributes = {
				LastSwiftUpdateCheck = 0730;
				LastUpgradeCheck = 0730;
				ORGANIZATIONNAME = "Bin Song";
				TargetAttributes = {
					65AE49BF1D4965540018E843 = {
						CreatedOnToolsVersion = 7.3.1;
					};
				};
			};
			buildConfigurationList = 65AE49BB1D4965540018E843 /* Build configuration list for PBXProject "Monokrome" */;
			compatibilityVersion = "Xcode 3.2";
			developmentRegion = English;
			hasScannedForEncodings = 0;
			knownRegions = (
				en,
				Base,
			);
			mainGroup = 65AE49B71D4965540018E843;
			productRefGroup = 65AE49C11D4965540018E843 /* Products */;
			projectDirPath = "";
			projectRoot = "";
			targets = (
				65AE49BF1D4965540018E843 /* Monokrome */,
			);
		};
/* End PBXProject section */

/* Begin PBXResourcesBuildPhase section */
		65AE49BE1D4965540018E843 /* Resources */ = {
			isa = PBXResourcesBuildPhase;
			buildActionMask = 2147483647;
			files = (
				65AE49C61D4965540018E843 /* GameScene.sks in Resources */,
				65AE49D21D4965540018E843 /* LaunchScreen.storyboard in Resources */,
				65AE49CF1D4965540018E843 /* Assets.xcassets in Resources */,
				65AE49CD1D4965540018E843 /* Main.storyboard in Resources */,
			);
			runOnlyForDeploymentPostprocessing = 0;
		};
/* End PBXResourcesBuildPhase section */

/* Begin PBXSourcesBuildPhase section */
		65AE49BC1D4965540018E843 /* Sources */ = {
			isa = PBXSourcesBuildPhase;
			buildActionMask = 2147483647;
			files = (
				65AE49C81D4965540018E843 /* GameScene.swift in Sources */,
				65AE49CA1D4965540018E843 /* GameViewController.swift in Sources */,
				65AE49C41D4965540018E843 /* AppDelegate.swift in Sources */,
			);
			runOnlyForDeploymentPostprocessing = 0;
		};
/* End PBXSourcesBuildPhase section */

/* Begin PBXVariantGroup section */
		65AE49CB1D4965540018E843 /* Main.storyboard */ = {
			isa = PBXVariantGroup;
			children = (
				65AE49CC1D4965540018E843 /* Base */,
			);
			name = Main.storyboard;
			sourceTree = "<group>";
		};
		65AE49D01D4965540018E843 /* LaunchScreen.storyboard */ = {
			isa = PBXVariantGroup;
			children = (
				65AE49D11D4965540018E843 /* Base */,
			);
			name = LaunchScreen.storyboard;
			sourceTree = "<group>";
		};
/* End PBXVariantGroup section */

/* Begin XCBuildConfiguration section */
		65AE49D41D4965540018E843 /* Debug */ = {
			isa = XCBuildConfiguration;
			buildSettings = {
				ALWAYS_SEARCH_USER_PATHS = NO;
				CLANG_ANALYZER_NONNULL = YES;
				CLANG_CXX_LANGUAGE_STANDARD = "gnu++0x";
				CLANG_CXX_LIBRARY = "libc++";
				CLANG_ENABLE_MODULES = YES;
				CLANG_ENABLE_OBJC_ARC = YES;
				CLANG_WARN_BOOL_CONVERSION = YES;
				CLANG_WARN_CONSTANT_CONVERSION = YES;
				CLANG_WARN_DIRECT_OBJC_ISA_USAGE = YES_ERROR;
				CLANG_WARN_EMPTY_BODY = YES;
				CLANG_WARN_ENUM_CONVERSION = YES;
				CLANG_WARN_INT_CONVERSION = YES;
				CLANG_WARN_OBJC_ROOT_CLASS = YES_ERROR;
				CLANG_WARN_UNREACHABLE_CODE = YES;
				CLANG_WARN__DUPLICATE_METHOD_MATCH = YES;
				"CODE_SIGN_IDENTITY[sdk=iphoneos*]" = "iPhone Developer";
				COPY_PHASE_STRIP = NO;
				DEBUG_INFORMATION_FORMAT = "dwarf-with-dsym";
				ENABLE_STRICT_OBJC_MSGSEND = YES;
				ENABLE_TESTABILITY = YES;
				GCC_C_LANGUAGE_STANDARD = gnu99;
				GCC_DYNAMIC_NO_PIC = NO;
				GCC_NO_COMMON_BLOCKS = YES;
				GCC_OPTIMIZATION_LEVEL = 0;
				GCC_PREPROCESSOR_DEFINITIONS = (
					"DEBUG=1",
					"$(inherited)",
				);
				GCC_WARN_64_TO_32_BIT_CONVERSION = YES;
				GCC_WARN_ABOUT_RETURN_TYPE = YES_ERROR;
				GCC_WARN_UNDECLARED_SELECTOR = YES;
				GCC_WARN_UNINITIALIZED_AUTOS = YES_AGGRESSIVE;
				GCC_WARN_UNUSED_FUNCTION = YES;
				GCC_WARN_UNUSED_VARIABLE = YES;
				IPHONEOS_DEPLOYMENT_TARGET = 9.3;
				MTL_ENABLE_DEBUG_INFO = YES;
				ONLY_ACTIVE_ARCH = YES;
				SDKROOT = iphoneos;
				SWIFT_OPTIMIZATION_LEVEL = "-Onone";
				TARGETED_DEVICE_FAMILY = "1,2";
			};
			name = Debug;
		};
		65AE49D51D4965540018E843 /* Release */ = {
			isa = XCBuildConfiguration;
			buildSettings = {
				ALWAYS_SEARCH_USER_PATHS = NO;
				CLANG_ANALYZER_NONNULL = YES;
				CLANG_CXX_LANGUAGE_STANDARD = "gnu++0x";
				CLANG_CXX_LIBRARY = "libc++";
				CLANG_ENABLE_MODULES = YES;
				CLANG_ENABLE_OBJC_ARC = YES;
				CLANG_WARN_BOOL_CONVERSION = YES;
				CLANG_WARN_CONSTANT_CONVERSION = YES;
				CLANG_WARN_DIRECT_OBJC_ISA_USAGE = YES_ERROR;
				CLANG_WARN_EMPTY_BODY = YES;
				CLANG_WARN_ENUM_CONVERSION = YES;
				CLANG_WARN_INT_CONVERSION = YES;
				CLANG_WARN_OBJC_ROOT_CLASS = YES_ERROR;
				CLANG_WARN_UNREACHABLE_CODE = YES;
				CLANG_WARN__DUPLICATE_METHOD_MATCH = YES;
				"CODE_SIGN_IDENTITY[sdk=iphoneos*]" = "iPhone Developer";
				COPY_PHASE_STRIP = NO;
				DEBUG_INFORMATION_FORMAT = "dwarf-with-dsym";
				ENABLE_NS_ASSERTIONS = NO;
				ENABLE_STRICT_OBJC_MSGSEND = YES;
				GCC_C_LANGUAGE_STANDARD = gnu99;
				GCC_NO_COMMON_BLOCKS = YES;
				GCC_WARN_64_TO_32_BIT_CONVERSION = YES;
				GCC_WARN_ABOUT_RETURN_TYPE = YES_ERROR;
				GCC_WARN_UNDECLARED_SELECTOR = YES;
				GCC_WARN_UNINITIALIZED_AUTOS = YES_AGGRESSIVE;
				GCC_WARN_UNUSED_FUNCTION = YES;
				GCC_WARN_UNUSED_VARIABLE = YES;
				IPHONEOS_DEPLOYMENT_TARGET = 9.3;
				MTL_ENABLE_DEBUG_INFO = NO;
				SDKROOT = iphoneos;
				TARGETED_DEVICE_FAMILY = "1,2";
				VALIDATE_PRODUCT = YES;
			};
			name = Release;
		};
		65AE49D71D4965540018E843 /* Debug */ = {
			isa = XCBuildConfiguration;
			buildSettings = {
				ASSETCATALOG_COMPILER_APPICON_NAME = AppIcon;
				INFOPLIST_FILE = Monokrome/Info.plist;
				LD_RUNPATH_SEARCH_PATHS = "$(inherited) @executable_path/Frameworks";
				PRODUCT_BUNDLE_IDENTIFIER = com.servthedev.Monokrome;
				PRODUCT_NAME = "$(TARGET_NAME)";
			};
			name = Debug;
		};
		65AE49D81D4965540018E843 /* Release */ = {
			isa = XCBuildConfiguration;
			buildSettings = {
				ASSETCATALOG_COMPILER_APPICON_NAME = AppIcon;
				INFOPLIST_FILE = Monokrome/Info.plist;
				LD_RUNPATH_SEARCH_PATHS = "$(inherited) @executable_path/Frameworks";
				PRODUCT_BUNDLE_IDENTIFIER = com.servthedev.Monokrome;
				PRODUCT_NAME = "$(TARGET_NAME)";
			};
			name = Release;
		};
/* End XCBuildConfiguration section */

/* Begin XCConfigurationList section */
		65AE49BB1D4965540018E843 /* Build configuration list for PBXProject "Monokrome" */ = {
			isa = XCConfigurationList;
			buildConfigurations = (
				65AE49D41D4965540018E843 /* Debug */,
				65AE49D51D4965540018E843 /* Release */,
			);
			defaultConfigurationIsVisible = 0;
			defaultConfigurationName = Release;
		};
		65AE49D61D4965540018E843 /* Build configuration list for PBXNativeTarget "Monokrome" */ = {
			isa = XCConfigurationList;
			buildConfigurations = (
				65AE49D71D4965540018E843 /* Debug */,
				65AE49D81D4965540018E843 /* Release */,
			);
			defaultConfigurationIsVisible = 0;
		};
/* End XCConfigurationList section */
	};
	rootObject = 65AE49B81D4965540018E843 /* Project object */;
}
